// !$*UTF8*$!
{
	archiveVersion = 1;
	classes = {
	};
	objectVersion = 46;
	objects = {

/* Begin PBXBuildFile section */
		3D084272169DE60B0053F4C9 /* BatteryProbeDataViewController.m in Sources */ = {isa = PBXBuildFile; fileRef = 3D08426C169DE60B0053F4C9 /* BatteryProbeDataViewController.m */; };
		3D084273169DE60B0053F4C9 /* BatchCell.m in Sources */ = {isa = PBXBuildFile; fileRef = 3D08426F169DE60B0053F4C9 /* BatchCell.m */; };
		3D084274169DE60B0053F4C9 /* BatchDataCell.m in Sources */ = {isa = PBXBuildFile; fileRef = 3D084271169DE60B0053F4C9 /* BatchDataCell.m */; };
		3D35C2C61694C768000ADA14 /* libOpenSense.a in Frameworks */ = {isa = PBXBuildFile; fileRef = 3D35C2C01694C720000ADA14 /* libOpenSense.a */; };
		3D4B3B20169729C300FFEA73 /* CollectedDataBatchViewController.m in Sources */ = {isa = PBXBuildFile; fileRef = 3D4B3B1F169729C300FFEA73 /* CollectedDataBatchViewController.m */; };
		3D5AEA0516A4977A00741652 /* config.json in Resources */ = {isa = PBXBuildFile; fileRef = 3D5AEA0416A4977A00741652 /* config.json */; };
		3D6788611694AC8300553E04 /* ProbesViewController.m in Sources */ = {isa = PBXBuildFile; fileRef = 3D6788601694AC8300553E04 /* ProbesViewController.m */; };
		3D7A747816B03D43000B4A0D /* MobileCoreServices.framework in Frameworks */ = {isa = PBXBuildFile; fileRef = 3D7A747716B03D43000B4A0D /* MobileCoreServices.framework */; };
		3D7A747A16B03D50000B4A0D /* SystemConfiguration.framework in Frameworks */ = {isa = PBXBuildFile; fileRef = 3D7A747916B03D50000B4A0D /* SystemConfiguration.framework */; };
		3D8C708F1694A1D500619CDB /* StatusViewController.m in Sources */ = {isa = PBXBuildFile; fileRef = 3D8C708E1694A1D500619CDB /* StatusViewController.m */; };
		3D98CA8516AF4C230009F3C4 /* Security.framework in Frameworks */ = {isa = PBXBuildFile; fileRef = 3D98CA8416AF4C230009F3C4 /* Security.framework */; };
		3DA2596216B0837C00190683 /* MapKit.framework in Frameworks */ = {isa = PBXBuildFile; fileRef = 3DA2596116B0837C00190683 /* MapKit.framework */; };
		3DA2596416B0879F00190683 /* CoreLocation.framework in Frameworks */ = {isa = PBXBuildFile; fileRef = 3DA2596316B0879F00190683 /* CoreLocation.framework */; };
		3DB21AF516973F0F00F6B294 /* background-texture.png in Resources */ = {isa = PBXBuildFile; fileRef = 3DB21AE516973F0F00F6B294 /* background-texture.png */; };
		3DB21AF616973F0F00F6B294 /* background-texture@2x.png in Resources */ = {isa = PBXBuildFile; fileRef = 3DB21AE616973F0F00F6B294 /* background-texture@2x.png */; };
		3DB21AF716973F0F00F6B294 /* probes.png in Resources */ = {isa = PBXBuildFile; fileRef = 3DB21AE716973F0F00F6B294 /* probes.png */; };
		3DB21AF816973F0F00F6B294 /* probes@2x.png in Resources */ = {isa = PBXBuildFile; fileRef = 3DB21AE816973F0F00F6B294 /* probes@2x.png */; };
		3DB21AF916973F0F00F6B294 /* start_hover.png in Resources */ = {isa = PBXBuildFile; fileRef = 3DB21AE916973F0F00F6B294 /* start_hover.png */; };
		3DB21AFA16973F0F00F6B294 /* start_hover@2x.png in Resources */ = {isa = PBXBuildFile; fileRef = 3DB21AEA16973F0F00F6B294 /* start_hover@2x.png */; };
		3DB21AFB16973F0F00F6B294 /* start.png in Resources */ = {isa = PBXBuildFile; fileRef = 3DB21AEB16973F0F00F6B294 /* start.png */; };
		3DB21AFC16973F0F00F6B294 /* start@2x.png in Resources */ = {isa = PBXBuildFile; fileRef = 3DB21AEC16973F0F00F6B294 /* start@2x.png */; };
		3DB21AFD16973F0F00F6B294 /* statistics.png in Resources */ = {isa = PBXBuildFile; fileRef = 3DB21AED16973F0F00F6B294 /* statistics.png */; };
		3DB21AFE16973F0F00F6B294 /* statistics@2x.png in Resources */ = {isa = PBXBuildFile; fileRef = 3DB21AEE16973F0F00F6B294 /* statistics@2x.png */; };
		3DB21AFF16973F0F00F6B294 /* status.png in Resources */ = {isa = PBXBuildFile; fileRef = 3DB21AEF16973F0F00F6B294 /* status.png */; };
		3DB21B0016973F0F00F6B294 /* status@2x.png in Resources */ = {isa = PBXBuildFile; fileRef = 3DB21AF016973F0F00F6B294 /* status@2x.png */; };
		3DB21B0116973F0F00F6B294 /* stop_hover.png in Resources */ = {isa = PBXBuildFile; fileRef = 3DB21AF116973F0F00F6B294 /* stop_hover.png */; };
		3DB21B0216973F0F00F6B294 /* stop_hover@2x.png in Resources */ = {isa = PBXBuildFile; fileRef = 3DB21AF216973F0F00F6B294 /* stop_hover@2x.png */; };
		3DB21B0316973F0F00F6B294 /* stop.png in Resources */ = {isa = PBXBuildFile; fileRef = 3DB21AF316973F0F00F6B294 /* stop.png */; };
		3DB21B0416973F0F00F6B294 /* stop@2x.png in Resources */ = {isa = PBXBuildFile; fileRef = 3DB21AF416973F0F00F6B294 /* stop@2x.png */; };
		3DB21B55169740D600F6B294 /* libCorePlot-CocoaTouch.a in Frameworks */ = {isa = PBXBuildFile; fileRef = 3DB21B54169740D600F6B294 /* libCorePlot-CocoaTouch.a */; };
		3DB21B5716975B1E00F6B294 /* QuartzCore.framework in Frameworks */ = {isa = PBXBuildFile; fileRef = 3DB21B5616975B1E00F6B294 /* QuartzCore.framework */; };
		3DB21B6016978F1E00F6B294 /* TabBarViewController.m in Sources */ = {isa = PBXBuildFile; fileRef = 3DB21B5F16978F1E00F6B294 /* TabBarViewController.m */; };
		3DB69EF216B1C0B1009570F3 /* CollectedDataViewController.m in Sources */ = {isa = PBXBuildFile; fileRef = 3DB69EF116B1C0B1009570F3 /* CollectedDataViewController.m */; };
		3DB69EF816B1C3A8009570F3 /* PositioningProbeDataViewController.m in Sources */ = {isa = PBXBuildFile; fileRef = 3DB69EF716B1C3A8009570F3 /* PositioningProbeDataViewController.m */; };
		3DB69EFB16B1C543009570F3 /* LoadingView.m in Sources */ = {isa = PBXBuildFile; fileRef = 3DB69EFA16B1C543009570F3 /* LoadingView.m */; };
		3DB69F0316B1D750009570F3 /* CoreMotion.framework in Frameworks */ = {isa = PBXBuildFile; fileRef = 3DB69F0216B1D750009570F3 /* CoreMotion.framework */; };
		3DDED6D6167D098B006DE4F8 /* UIKit.framework in Frameworks */ = {isa = PBXBuildFile; fileRef = 3DDED6D5167D098B006DE4F8 /* UIKit.framework */; };
		3DDED6D8167D098B006DE4F8 /* Foundation.framework in Frameworks */ = {isa = PBXBuildFile; fileRef = 3DDED6D7167D098B006DE4F8 /* Foundation.framework */; };
		3DDED6DA167D098B006DE4F8 /* CoreGraphics.framework in Frameworks */ = {isa = PBXBuildFile; fileRef = 3DDED6D9167D098B006DE4F8 /* CoreGraphics.framework */; };
		3DDED6E0167D098B006DE4F8 /* InfoPlist.strings in Resources */ = {isa = PBXBuildFile; fileRef = 3DDED6DE167D098B006DE4F8 /* InfoPlist.strings */; };
		3DDED6E2167D098B006DE4F8 /* main.m in Sources */ = {isa = PBXBuildFile; fileRef = 3DDED6E1167D098B006DE4F8 /* main.m */; };
		3DDED6E6167D098B006DE4F8 /* AppDelegate.m in Sources */ = {isa = PBXBuildFile; fileRef = 3DDED6E5167D098B006DE4F8 /* AppDelegate.m */; };
		3DDED6E8167D098B006DE4F8 /* Default.png in Resources */ = {isa = PBXBuildFile; fileRef = 3DDED6E7167D098B006DE4F8 /* Default.png */; };
		3DDED6EA167D098B006DE4F8 /* Default@2x.png in Resources */ = {isa = PBXBuildFile; fileRef = 3DDED6E9167D098B006DE4F8 /* Default@2x.png */; };
		3DDED6EC167D098B006DE4F8 /* Default-568h@2x.png in Resources */ = {isa = PBXBuildFile; fileRef = 3DDED6EB167D098B006DE4F8 /* Default-568h@2x.png */; };
		3DDED6EF167D098B006DE4F8 /* MainStoryboard.storyboard in Resources */ = {isa = PBXBuildFile; fileRef = 3DDED6ED167D098B006DE4F8 /* MainStoryboard.storyboard */; };
		3DDED705167D098B006DE4F8 /* SenTestingKit.framework in Frameworks */ = {isa = PBXBuildFile; fileRef = 3DDED704167D098B006DE4F8 /* SenTestingKit.framework */; };
		3DDED706167D098B006DE4F8 /* UIKit.framework in Frameworks */ = {isa = PBXBuildFile; fileRef = 3DDED6D5167D098B006DE4F8 /* UIKit.framework */; };
		3DDED707167D098B006DE4F8 /* Foundation.framework in Frameworks */ = {isa = PBXBuildFile; fileRef = 3DDED6D7167D098B006DE4F8 /* Foundation.framework */; };
		3DDED70F167D098B006DE4F8 /* InfoPlist.strings in Resources */ = {isa = PBXBuildFile; fileRef = 3DDED70D167D098B006DE4F8 /* InfoPlist.strings */; };
		3DDED712167D098B006DE4F8 /* OpenSense_CollectorTests.m in Sources */ = {isa = PBXBuildFile; fileRef = 3DDED711167D098B006DE4F8 /* OpenSense_CollectorTests.m */; };
		3DFE62551694DE4500145310 /* Icon.png in Resources */ = {isa = PBXBuildFile; fileRef = 3DFE62541694DE4500145310 /* Icon.png */; };
		3DFE62571694DE4800145310 /* Icon@2x.png in Resources */ = {isa = PBXBuildFile; fileRef = 3DFE62561694DE4800145310 /* Icon@2x.png */; };
/* End PBXBuildFile section */

/* Begin PBXContainerItemProxy section */
		3D35C2BF1694C720000ADA14 /* PBXContainerItemProxy */ = {
			isa = PBXContainerItemProxy;
			containerPortal = 3D35C2B61694C720000ADA14 /* OpenSense.xcodeproj */;
			proxyType = 2;
			remoteGlobalIDString = 3DDED69B167D04CF006DE4F8;
			remoteInfo = OpenSense;
		};
		3D35C2C11694C720000ADA14 /* PBXContainerItemProxy */ = {
			isa = PBXContainerItemProxy;
			containerPortal = 3D35C2B61694C720000ADA14 /* OpenSense.xcodeproj */;
			proxyType = 2;
			remoteGlobalIDString = 3DDED6AC167D04CF006DE4F8;
			remoteInfo = OpenSenseTests;
		};
		3DDED708167D098B006DE4F8 /* PBXContainerItemProxy */ = {
			isa = PBXContainerItemProxy;
			containerPortal = 3DDED6C8167D098B006DE4F8 /* Project object */;
			proxyType = 1;
			remoteGlobalIDString = 3DDED6D0167D098B006DE4F8;
			remoteInfo = "OpenSense Collector";
		};
/* End PBXContainerItemProxy section */

/* Begin PBXFileReference section */
		3D08426B169DE60B0053F4C9 /* BatteryProbeDataViewController.h */ = {isa = PBXFileReference; fileEncoding = 4; lastKnownFileType = sourcecode.c.h; path = BatteryProbeDataViewController.h; sourceTree = "<group>"; };
		3D08426C169DE60B0053F4C9 /* BatteryProbeDataViewController.m */ = {isa = PBXFileReference; fileEncoding = 4; lastKnownFileType = sourcecode.c.objc; path = BatteryProbeDataViewController.m; sourceTree = "<group>"; };
		3D08426E169DE60B0053F4C9 /* BatchCell.h */ = {isa = PBXFileReference; fileEncoding = 4; lastKnownFileType = sourcecode.c.h; path = BatchCell.h; sourceTree = "<group>"; };
		3D08426F169DE60B0053F4C9 /* BatchCell.m */ = {isa = PBXFileReference; fileEncoding = 4; lastKnownFileType = sourcecode.c.objc; path = BatchCell.m; sourceTree = "<group>"; };
		3D084270169DE60B0053F4C9 /* BatchDataCell.h */ = {isa = PBXFileReference; fileEncoding = 4; lastKnownFileType = sourcecode.c.h; path = BatchDataCell.h; sourceTree = "<group>"; };
		3D084271169DE60B0053F4C9 /* BatchDataCell.m */ = {isa = PBXFileReference; fileEncoding = 4; lastKnownFileType = sourcecode.c.objc; path = BatchDataCell.m; sourceTree = "<group>"; };
		3D35C2B61694C720000ADA14 /* OpenSense.xcodeproj */ = {isa = PBXFileReference; lastKnownFileType = "wrapper.pb-project"; name = OpenSense.xcodeproj; path = ../OpenSense/OpenSense.xcodeproj; sourceTree = "<group>"; };
		3D4B3B1E169729C300FFEA73 /* CollectedDataBatchViewController.h */ = {isa = PBXFileReference; fileEncoding = 4; lastKnownFileType = sourcecode.c.h; name = CollectedDataBatchViewController.h; path = Classes/CollectedDataBatchViewController.h; sourceTree = "<group>"; };
		3D4B3B1F169729C300FFEA73 /* CollectedDataBatchViewController.m */ = {isa = PBXFileReference; fileEncoding = 4; lastKnownFileType = sourcecode.c.objc; name = CollectedDataBatchViewController.m; path = Classes/CollectedDataBatchViewController.m; sourceTree = "<group>"; };
		3D5AEA0416A4977A00741652 /* config.json */ = {isa = PBXFileReference; fileEncoding = 4; lastKnownFileType = text.json; path = config.json; sourceTree = "<group>"; };
		3D67885F1694AC8300553E04 /* ProbesViewController.h */ = {isa = PBXFileReference; fileEncoding = 4; lastKnownFileType = sourcecode.c.h; name = ProbesViewController.h; path = Classes/ProbesViewController.h; sourceTree = "<group>"; };
		3D6788601694AC8300553E04 /* ProbesViewController.m */ = {isa = PBXFileReference; fileEncoding = 4; lastKnownFileType = sourcecode.c.objc; name = ProbesViewController.m; path = Classes/ProbesViewController.m; sourceTree = "<group>"; };
		3D7A747716B03D43000B4A0D /* MobileCoreServices.framework */ = {isa = PBXFileReference; lastKnownFileType = wrapper.framework; name = MobileCoreServices.framework; path = System/Library/Frameworks/MobileCoreServices.framework; sourceTree = SDKROOT; };
		3D7A747916B03D50000B4A0D /* SystemConfiguration.framework */ = {isa = PBXFileReference; lastKnownFileType = wrapper.framework; name = SystemConfiguration.framework; path = System/Library/Frameworks/SystemConfiguration.framework; sourceTree = SDKROOT; };
		3D8C708D1694A1D500619CDB /* StatusViewController.h */ = {isa = PBXFileReference; fileEncoding = 4; lastKnownFileType = sourcecode.c.h; name = StatusViewController.h; path = Classes/StatusViewController.h; sourceTree = "<group>"; };
		3D8C708E1694A1D500619CDB /* StatusViewController.m */ = {isa = PBXFileReference; fileEncoding = 4; lastKnownFileType = sourcecode.c.objc; name = StatusViewController.m; path = Classes/StatusViewController.m; sourceTree = "<group>"; };
		3D98CA8416AF4C230009F3C4 /* Security.framework */ = {isa = PBXFileReference; lastKnownFileType = wrapper.framework; name = Security.framework; path = System/Library/Frameworks/Security.framework; sourceTree = SDKROOT; };
		3DA2596116B0837C00190683 /* MapKit.framework */ = {isa = PBXFileReference; lastKnownFileType = wrapper.framework; name = MapKit.framework; path = System/Library/Frameworks/MapKit.framework; sourceTree = SDKROOT; };
		3DA2596316B0879F00190683 /* CoreLocation.framework */ = {isa = PBXFileReference; lastKnownFileType = wrapper.framework; name = CoreLocation.framework; path = System/Library/Frameworks/CoreLocation.framework; sourceTree = SDKROOT; };
		3DB21AE516973F0F00F6B294 /* background-texture.png */ = {isa = PBXFileReference; lastKnownFileType = image.png; name = "background-texture.png"; path = "Assets/background-texture.png"; sourceTree = "<group>"; };
		3DB21AE616973F0F00F6B294 /* background-texture@2x.png */ = {isa = PBXFileReference; lastKnownFileType = image.png; name = "background-texture@2x.png"; path = "Assets/background-texture@2x.png"; sourceTree = "<group>"; };
		3DB21AE716973F0F00F6B294 /* probes.png */ = {isa = PBXFileReference; lastKnownFileType = image.png; name = probes.png; path = Assets/probes.png; sourceTree = "<group>"; };
		3DB21AE816973F0F00F6B294 /* probes@2x.png */ = {isa = PBXFileReference; lastKnownFileType = image.png; name = "probes@2x.png"; path = "Assets/probes@2x.png"; sourceTree = "<group>"; };
		3DB21AE916973F0F00F6B294 /* start_hover.png */ = {isa = PBXFileReference; lastKnownFileType = image.png; name = start_hover.png; path = Assets/start_hover.png; sourceTree = "<group>"; };
		3DB21AEA16973F0F00F6B294 /* start_hover@2x.png */ = {isa = PBXFileReference; lastKnownFileType = image.png; name = "start_hover@2x.png"; path = "Assets/start_hover@2x.png"; sourceTree = "<group>"; };
		3DB21AEB16973F0F00F6B294 /* start.png */ = {isa = PBXFileReference; lastKnownFileType = image.png; name = start.png; path = Assets/start.png; sourceTree = "<group>"; };
		3DB21AEC16973F0F00F6B294 /* start@2x.png */ = {isa = PBXFileReference; lastKnownFileType = image.png; name = "start@2x.png"; path = "Assets/start@2x.png"; sourceTree = "<group>"; };
		3DB21AED16973F0F00F6B294 /* statistics.png */ = {isa = PBXFileReference; lastKnownFileType = image.png; name = statistics.png; path = Assets/statistics.png; sourceTree = "<group>"; };
		3DB21AEE16973F0F00F6B294 /* statistics@2x.png */ = {isa = PBXFileReference; lastKnownFileType = image.png; name = "statistics@2x.png"; path = "Assets/statistics@2x.png"; sourceTree = "<group>"; };
		3DB21AEF16973F0F00F6B294 /* status.png */ = {isa = PBXFileReference; lastKnownFileType = image.png; name = status.png; path = Assets/status.png; sourceTree = "<group>"; };
		3DB21AF016973F0F00F6B294 /* status@2x.png */ = {isa = PBXFileReference; lastKnownFileType = image.png; name = "status@2x.png"; path = "Assets/status@2x.png"; sourceTree = "<group>"; };
		3DB21AF116973F0F00F6B294 /* stop_hover.png */ = {isa = PBXFileReference; lastKnownFileType = image.png; name = stop_hover.png; path = Assets/stop_hover.png; sourceTree = "<group>"; };
		3DB21AF216973F0F00F6B294 /* stop_hover@2x.png */ = {isa = PBXFileReference; lastKnownFileType = image.png; name = "stop_hover@2x.png"; path = "Assets/stop_hover@2x.png"; sourceTree = "<group>"; };
		3DB21AF316973F0F00F6B294 /* stop.png */ = {isa = PBXFileReference; lastKnownFileType = image.png; name = stop.png; path = Assets/stop.png; sourceTree = "<group>"; };
		3DB21AF416973F0F00F6B294 /* stop@2x.png */ = {isa = PBXFileReference; lastKnownFileType = image.png; name = "stop@2x.png"; path = "Assets/stop@2x.png"; sourceTree = "<group>"; };
		3DB21B0A169740BC00F6B294 /* CorePlot-CocoaTouch.h */ = {isa = PBXFileReference; fileEncoding = 4; lastKnownFileType = sourcecode.c.h; path = "CorePlot-CocoaTouch.h"; sourceTree = "<group>"; };
		3DB21B0B169740BC00F6B294 /* CPTAnnotation.h */ = {isa = PBXFileReference; fileEncoding = 4; lastKnownFileType = sourcecode.c.h; path = CPTAnnotation.h; sourceTree = "<group>"; };
		3DB21B0C169740BC00F6B294 /* CPTAnnotationHostLayer.h */ = {isa = PBXFileReference; fileEncoding = 4; lastKnownFileType = sourcecode.c.h; path = CPTAnnotationHostLayer.h; sourceTree = "<group>"; };
		3DB21B0D169740BC00F6B294 /* CPTAxis.h */ = {isa = PBXFileReference; fileEncoding = 4; lastKnownFileType = sourcecode.c.h; path = CPTAxis.h; sourceTree = "<group>"; };
		3DB21B0E169740BC00F6B294 /* CPTAxisLabel.h */ = {isa = PBXFileReference; fileEncoding = 4; lastKnownFileType = sourcecode.c.h; path = CPTAxisLabel.h; sourceTree = "<group>"; };
		3DB21B0F169740BC00F6B294 /* CPTAxisLabelGroup.h */ = {isa = PBXFileReference; fileEncoding = 4; lastKnownFileType = sourcecode.c.h; path = CPTAxisLabelGroup.h; sourceTree = "<group>"; };
		3DB21B10169740BC00F6B294 /* CPTAxisSet.h */ = {isa = PBXFileReference; fileEncoding = 4; lastKnownFileType = sourcecode.c.h; path = CPTAxisSet.h; sourceTree = "<group>"; };
		3DB21B11169740BC00F6B294 /* CPTAxisTitle.h */ = {isa = PBXFileReference; fileEncoding = 4; lastKnownFileType = sourcecode.c.h; path = CPTAxisTitle.h; sourceTree = "<group>"; };
		3DB21B12169740BC00F6B294 /* CPTBarPlot.h */ = {isa = PBXFileReference; fileEncoding = 4; lastKnownFileType = sourcecode.c.h; path = CPTBarPlot.h; sourceTree = "<group>"; };
		3DB21B13169740BC00F6B294 /* CPTBorderedLayer.h */ = {isa = PBXFileReference; fileEncoding = 4; lastKnownFileType = sourcecode.c.h; path = CPTBorderedLayer.h; sourceTree = "<group>"; };
		3DB21B14169740BC00F6B294 /* CPTCalendarFormatter.h */ = {isa = PBXFileReference; fileEncoding = 4; lastKnownFileType = sourcecode.c.h; path = CPTCalendarFormatter.h; sourceTree = "<group>"; };
		3DB21B15169740BC00F6B294 /* CPTColor.h */ = {isa = PBXFileReference; fileEncoding = 4; lastKnownFileType = sourcecode.c.h; path = CPTColor.h; sourceTree = "<group>"; };
		3DB21B16169740BC00F6B294 /* CPTColorSpace.h */ = {isa = PBXFileReference; fileEncoding = 4; lastKnownFileType = sourcecode.c.h; path = CPTColorSpace.h; sourceTree = "<group>"; };
		3DB21B17169740BC00F6B294 /* CPTConstraints.h */ = {isa = PBXFileReference; fileEncoding = 4; lastKnownFileType = sourcecode.c.h; path = CPTConstraints.h; sourceTree = "<group>"; };
		3DB21B18169740BC00F6B294 /* CPTDataSourceTestCase.h */ = {isa = PBXFileReference; fileEncoding = 4; lastKnownFileType = sourcecode.c.h; path = CPTDataSourceTestCase.h; sourceTree = "<group>"; };
		3DB21B19169740BC00F6B294 /* CPTDefinitions.h */ = {isa = PBXFileReference; fileEncoding = 4; lastKnownFileType = sourcecode.c.h; path = CPTDefinitions.h; sourceTree = "<group>"; };
		3DB21B1A169740BC00F6B294 /* CPTDerivedXYGraph.h */ = {isa = PBXFileReference; fileEncoding = 4; lastKnownFileType = sourcecode.c.h; path = CPTDerivedXYGraph.h; sourceTree = "<group>"; };
		3DB21B1B169740BC00F6B294 /* CPTExceptions.h */ = {isa = PBXFileReference; fileEncoding = 4; lastKnownFileType = sourcecode.c.h; path = CPTExceptions.h; sourceTree = "<group>"; };
		3DB21B1C169740BC00F6B294 /* CPTFill.h */ = {isa = PBXFileReference; fileEncoding = 4; lastKnownFileType = sourcecode.c.h; path = CPTFill.h; sourceTree = "<group>"; };
		3DB21B1D169740BC00F6B294 /* CPTGradient.h */ = {isa = PBXFileReference; fileEncoding = 4; lastKnownFileType = sourcecode.c.h; path = CPTGradient.h; sourceTree = "<group>"; };
		3DB21B1E169740BC00F6B294 /* CPTGraph.h */ = {isa = PBXFileReference; fileEncoding = 4; lastKnownFileType = sourcecode.c.h; path = CPTGraph.h; sourceTree = "<group>"; };
		3DB21B1F169740BC00F6B294 /* CPTGraphHostingView.h */ = {isa = PBXFileReference; fileEncoding = 4; lastKnownFileType = sourcecode.c.h; path = CPTGraphHostingView.h; sourceTree = "<group>"; };
		3DB21B20169740BC00F6B294 /* CPTGridLineGroup.h */ = {isa = PBXFileReference; fileEncoding = 4; lastKnownFileType = sourcecode.c.h; path = CPTGridLineGroup.h; sourceTree = "<group>"; };
		3DB21B21169740BC00F6B294 /* CPTGridLines.h */ = {isa = PBXFileReference; fileEncoding = 4; lastKnownFileType = sourcecode.c.h; path = CPTGridLines.h; sourceTree = "<group>"; };
		3DB21B22169740BC00F6B294 /* CPTImage.h */ = {isa = PBXFileReference; fileEncoding = 4; lastKnownFileType = sourcecode.c.h; path = CPTImage.h; sourceTree = "<group>"; };
		3DB21B23169740BC00F6B294 /* CPTLayer.h */ = {isa = PBXFileReference; fileEncoding = 4; lastKnownFileType = sourcecode.c.h; path = CPTLayer.h; sourceTree = "<group>"; };
		3DB21B24169740BC00F6B294 /* CPTLayerAnnotation.h */ = {isa = PBXFileReference; fileEncoding = 4; lastKnownFileType = sourcecode.c.h; path = CPTLayerAnnotation.h; sourceTree = "<group>"; };
		3DB21B25169740BC00F6B294 /* CPTLegend.h */ = {isa = PBXFileReference; fileEncoding = 4; lastKnownFileType = sourcecode.c.h; path = CPTLegend.h; sourceTree = "<group>"; };
		3DB21B26169740BC00F6B294 /* CPTLegendEntry.h */ = {isa = PBXFileReference; fileEncoding = 4; lastKnownFileType = sourcecode.c.h; path = CPTLegendEntry.h; sourceTree = "<group>"; };
		3DB21B27169740BC00F6B294 /* CPTLimitBand.h */ = {isa = PBXFileReference; fileEncoding = 4; lastKnownFileType = sourcecode.c.h; path = CPTLimitBand.h; sourceTree = "<group>"; };
		3DB21B28169740BC00F6B294 /* CPTLineCap.h */ = {isa = PBXFileReference; fileEncoding = 4; lastKnownFileType = sourcecode.c.h; path = CPTLineCap.h; sourceTree = "<group>"; };
		3DB21B29169740BC00F6B294 /* CPTLineStyle.h */ = {isa = PBXFileReference; fileEncoding = 4; lastKnownFileType = sourcecode.c.h; path = CPTLineStyle.h; sourceTree = "<group>"; };
		3DB21B2A169740BC00F6B294 /* CPTMutableLineStyle.h */ = {isa = PBXFileReference; fileEncoding = 4; lastKnownFileType = sourcecode.c.h; path = CPTMutableLineStyle.h; sourceTree = "<group>"; };
		3DB21B2B169740BC00F6B294 /* CPTMutableNumericData+TypeConversion.h */ = {isa = PBXFileReference; fileEncoding = 4; lastKnownFileType = sourcecode.c.h; path = "CPTMutableNumericData+TypeConversion.h"; sourceTree = "<group>"; };
		3DB21B2C169740BC00F6B294 /* CPTMutableNumericData.h */ = {isa = PBXFileReference; fileEncoding = 4; lastKnownFileType = sourcecode.c.h; path = CPTMutableNumericData.h; sourceTree = "<group>"; };
		3DB21B2D169740BC00F6B294 /* CPTMutablePlotRange.h */ = {isa = PBXFileReference; fileEncoding = 4; lastKnownFileType = sourcecode.c.h; path = CPTMutablePlotRange.h; sourceTree = "<group>"; };
		3DB21B2E169740BC00F6B294 /* CPTMutableShadow.h */ = {isa = PBXFileReference; fileEncoding = 4; lastKnownFileType = sourcecode.c.h; path = CPTMutableShadow.h; sourceTree = "<group>"; };
		3DB21B2F169740BC00F6B294 /* CPTMutableTextStyle.h */ = {isa = PBXFileReference; fileEncoding = 4; lastKnownFileType = sourcecode.c.h; path = CPTMutableTextStyle.h; sourceTree = "<group>"; };
		3DB21B30169740BC00F6B294 /* CPTNumericData+TypeConversion.h */ = {isa = PBXFileReference; fileEncoding = 4; lastKnownFileType = sourcecode.c.h; path = "CPTNumericData+TypeConversion.h"; sourceTree = "<group>"; };
		3DB21B31169740BC00F6B294 /* CPTNumericData.h */ = {isa = PBXFileReference; fileEncoding = 4; lastKnownFileType = sourcecode.c.h; path = CPTNumericData.h; sourceTree = "<group>"; };
		3DB21B32169740BC00F6B294 /* CPTNumericDataType.h */ = {isa = PBXFileReference; fileEncoding = 4; lastKnownFileType = sourcecode.c.h; path = CPTNumericDataType.h; sourceTree = "<group>"; };
		3DB21B33169740BC00F6B294 /* CPTPathExtensions.h */ = {isa = PBXFileReference; fileEncoding = 4; lastKnownFileType = sourcecode.c.h; path = CPTPathExtensions.h; sourceTree = "<group>"; };
		3DB21B34169740BC00F6B294 /* CPTPieChart.h */ = {isa = PBXFileReference; fileEncoding = 4; lastKnownFileType = sourcecode.c.h; path = CPTPieChart.h; sourceTree = "<group>"; };
		3DB21B35169740BC00F6B294 /* CPTPlatformSpecificCategories.h */ = {isa = PBXFileReference; fileEncoding = 4; lastKnownFileType = sourcecode.c.h; path = CPTPlatformSpecificCategories.h; sourceTree = "<group>"; };
		3DB21B36169740BC00F6B294 /* CPTPlatformSpecificDefines.h */ = {isa = PBXFileReference; fileEncoding = 4; lastKnownFileType = sourcecode.c.h; path = CPTPlatformSpecificDefines.h; sourceTree = "<group>"; };
		3DB21B37169740BC00F6B294 /* CPTPlatformSpecificFunctions.h */ = {isa = PBXFileReference; fileEncoding = 4; lastKnownFileType = sourcecode.c.h; path = CPTPlatformSpecificFunctions.h; sourceTree = "<group>"; };
		3DB21B38169740BC00F6B294 /* CPTPlot.h */ = {isa = PBXFileReference; fileEncoding = 4; lastKnownFileType = sourcecode.c.h; path = CPTPlot.h; sourceTree = "<group>"; };
		3DB21B39169740BC00F6B294 /* CPTPlotArea.h */ = {isa = PBXFileReference; fileEncoding = 4; lastKnownFileType = sourcecode.c.h; path = CPTPlotArea.h; sourceTree = "<group>"; };
		3DB21B3A169740BC00F6B294 /* CPTPlotAreaFrame.h */ = {isa = PBXFileReference; fileEncoding = 4; lastKnownFileType = sourcecode.c.h; path = CPTPlotAreaFrame.h; sourceTree = "<group>"; };
		3DB21B3B169740BC00F6B294 /* CPTPlotGroup.h */ = {isa = PBXFileReference; fileEncoding = 4; lastKnownFileType = sourcecode.c.h; path = CPTPlotGroup.h; sourceTree = "<group>"; };
		3DB21B3C169740BC00F6B294 /* CPTPlotRange.h */ = {isa = PBXFileReference; fileEncoding = 4; lastKnownFileType = sourcecode.c.h; path = CPTPlotRange.h; sourceTree = "<group>"; };
		3DB21B3D169740BC00F6B294 /* CPTPlotSpace.h */ = {isa = PBXFileReference; fileEncoding = 4; lastKnownFileType = sourcecode.c.h; path = CPTPlotSpace.h; sourceTree = "<group>"; };
		3DB21B3E169740BC00F6B294 /* CPTPlotSpaceAnnotation.h */ = {isa = PBXFileReference; fileEncoding = 4; lastKnownFileType = sourcecode.c.h; path = CPTPlotSpaceAnnotation.h; sourceTree = "<group>"; };
		3DB21B3F169740BC00F6B294 /* CPTPlotSymbol.h */ = {isa = PBXFileReference; fileEncoding = 4; lastKnownFileType = sourcecode.c.h; path = CPTPlotSymbol.h; sourceTree = "<group>"; };
		3DB21B40169740BC00F6B294 /* CPTRangePlot.h */ = {isa = PBXFileReference; fileEncoding = 4; lastKnownFileType = sourcecode.c.h; path = CPTRangePlot.h; sourceTree = "<group>"; };
		3DB21B41169740BC00F6B294 /* CPTResponder.h */ = {isa = PBXFileReference; fileEncoding = 4; lastKnownFileType = sourcecode.c.h; path = CPTResponder.h; sourceTree = "<group>"; };
		3DB21B42169740BC00F6B294 /* CPTScatterPlot.h */ = {isa = PBXFileReference; fileEncoding = 4; lastKnownFileType = sourcecode.c.h; path = CPTScatterPlot.h; sourceTree = "<group>"; };
		3DB21B43169740BC00F6B294 /* CPTShadow.h */ = {isa = PBXFileReference; fileEncoding = 4; lastKnownFileType = sourcecode.c.h; path = CPTShadow.h; sourceTree = "<group>"; };
		3DB21B44169740BC00F6B294 /* CPTTestCase.h */ = {isa = PBXFileReference; fileEncoding = 4; lastKnownFileType = sourcecode.c.h; path = CPTTestCase.h; sourceTree = "<group>"; };
		3DB21B45169740BC00F6B294 /* CPTTextLayer.h */ = {isa = PBXFileReference; fileEncoding = 4; lastKnownFileType = sourcecode.c.h; path = CPTTextLayer.h; sourceTree = "<group>"; };
		3DB21B46169740BC00F6B294 /* CPTTextStyle.h */ = {isa = PBXFileReference; fileEncoding = 4; lastKnownFileType = sourcecode.c.h; path = CPTTextStyle.h; sourceTree = "<group>"; };
		3DB21B47169740BC00F6B294 /* CPTTextStylePlatformSpecific.h */ = {isa = PBXFileReference; fileEncoding = 4; lastKnownFileType = sourcecode.c.h; path = CPTTextStylePlatformSpecific.h; sourceTree = "<group>"; };
		3DB21B48169740BC00F6B294 /* CPTTheme.h */ = {isa = PBXFileReference; fileEncoding = 4; lastKnownFileType = sourcecode.c.h; path = CPTTheme.h; sourceTree = "<group>"; };
		3DB21B49169740BC00F6B294 /* CPTTimeFormatter.h */ = {isa = PBXFileReference; fileEncoding = 4; lastKnownFileType = sourcecode.c.h; path = CPTTimeFormatter.h; sourceTree = "<group>"; };
		3DB21B4A169740BC00F6B294 /* CPTTradingRangePlot.h */ = {isa = PBXFileReference; fileEncoding = 4; lastKnownFileType = sourcecode.c.h; path = CPTTradingRangePlot.h; sourceTree = "<group>"; };
		3DB21B4B169740BC00F6B294 /* CPTUtilities.h */ = {isa = PBXFileReference; fileEncoding = 4; lastKnownFileType = sourcecode.c.h; path = CPTUtilities.h; sourceTree = "<group>"; };
		3DB21B4C169740BC00F6B294 /* CPTXYAxis.h */ = {isa = PBXFileReference; fileEncoding = 4; lastKnownFileType = sourcecode.c.h; path = CPTXYAxis.h; sourceTree = "<group>"; };
		3DB21B4D169740BC00F6B294 /* CPTXYAxisSet.h */ = {isa = PBXFileReference; fileEncoding = 4; lastKnownFileType = sourcecode.c.h; path = CPTXYAxisSet.h; sourceTree = "<group>"; };
		3DB21B4E169740BC00F6B294 /* CPTXYGraph.h */ = {isa = PBXFileReference; fileEncoding = 4; lastKnownFileType = sourcecode.c.h; path = CPTXYGraph.h; sourceTree = "<group>"; };
		3DB21B4F169740BC00F6B294 /* CPTXYPlotSpace.h */ = {isa = PBXFileReference; fileEncoding = 4; lastKnownFileType = sourcecode.c.h; path = CPTXYPlotSpace.h; sourceTree = "<group>"; };
		3DB21B50169740BC00F6B294 /* mainpage.h */ = {isa = PBXFileReference; fileEncoding = 4; lastKnownFileType = sourcecode.c.h; path = mainpage.h; sourceTree = "<group>"; };
		3DB21B51169740BC00F6B294 /* NSCoderExtensions.h */ = {isa = PBXFileReference; fileEncoding = 4; lastKnownFileType = sourcecode.c.h; path = NSCoderExtensions.h; sourceTree = "<group>"; };
		3DB21B52169740BC00F6B294 /* NSDecimalNumberExtensions.h */ = {isa = PBXFileReference; fileEncoding = 4; lastKnownFileType = sourcecode.c.h; path = NSDecimalNumberExtensions.h; sourceTree = "<group>"; };
		3DB21B53169740BC00F6B294 /* NSNumberExtensions.h */ = {isa = PBXFileReference; fileEncoding = 4; lastKnownFileType = sourcecode.c.h; path = NSNumberExtensions.h; sourceTree = "<group>"; };
		3DB21B54169740D600F6B294 /* libCorePlot-CocoaTouch.a */ = {isa = PBXFileReference; lastKnownFileType = archive.ar; name = "libCorePlot-CocoaTouch.a"; path = "../../../../../../Downloads/CorePlot_1.1/Binaries/iOS/libCorePlot-CocoaTouch.a"; sourceTree = "<group>"; };
		3DB21B5616975B1E00F6B294 /* QuartzCore.framework */ = {isa = PBXFileReference; lastKnownFileType = wrapper.framework; name = QuartzCore.framework; path = System/Library/Frameworks/QuartzCore.framework; sourceTree = SDKROOT; };
		3DB21B5E16978F1D00F6B294 /* TabBarViewController.h */ = {isa = PBXFileReference; fileEncoding = 4; lastKnownFileType = sourcecode.c.h; name = TabBarViewController.h; path = Classes/TabBarViewController.h; sourceTree = "<group>"; };
		3DB21B5F16978F1E00F6B294 /* TabBarViewController.m */ = {isa = PBXFileReference; fileEncoding = 4; lastKnownFileType = sourcecode.c.objc; name = TabBarViewController.m; path = Classes/TabBarViewController.m; sourceTree = "<group>"; };
		3DB69EF016B1C0B1009570F3 /* CollectedDataViewController.h */ = {isa = PBXFileReference; fileEncoding = 4; lastKnownFileType = sourcecode.c.h; name = CollectedDataViewController.h; path = Classes/CollectedDataViewController.h; sourceTree = "<group>"; };
		3DB69EF116B1C0B1009570F3 /* CollectedDataViewController.m */ = {isa = PBXFileReference; fileEncoding = 4; lastKnownFileType = sourcecode.c.objc; name = CollectedDataViewController.m; path = Classes/CollectedDataViewController.m; sourceTree = "<group>"; };
		3DB69EF616B1C3A8009570F3 /* PositioningProbeDataViewController.h */ = {isa = PBXFileReference; fileEncoding = 4; lastKnownFileType = sourcecode.c.h; path = PositioningProbeDataViewController.h; sourceTree = "<group>"; };
		3DB69EF716B1C3A8009570F3 /* PositioningProbeDataViewController.m */ = {isa = PBXFileReference; fileEncoding = 4; lastKnownFileType = sourcecode.c.objc; path = PositioningProbeDataViewController.m; sourceTree = "<group>"; };
		3DB69EF916B1C543009570F3 /* LoadingView.h */ = {isa = PBXFileReference; fileEncoding = 4; lastKnownFileType = sourcecode.c.h; path = LoadingView.h; sourceTree = "<group>"; };
		3DB69EFA16B1C543009570F3 /* LoadingView.m */ = {isa = PBXFileReference; fileEncoding = 4; lastKnownFileType = sourcecode.c.objc; path = LoadingView.m; sourceTree = "<group>"; };
		3DB69F0216B1D750009570F3 /* CoreMotion.framework */ = {isa = PBXFileReference; lastKnownFileType = wrapper.framework; name = CoreMotion.framework; path = System/Library/Frameworks/CoreMotion.framework; sourceTree = SDKROOT; };
		3DDCAA9D16B5EF630063DC29 /* Common.h */ = {isa = PBXFileReference; lastKnownFileType = sourcecode.c.h; path = Common.h; sourceTree = "<group>"; };
		3DDED6D1167D098B006DE4F8 /* OpenSense.app */ = {isa = PBXFileReference; explicitFileType = wrapper.application; includeInIndex = 0; path = OpenSense.app; sourceTree = BUILT_PRODUCTS_DIR; };
		3DDED6D5167D098B006DE4F8 /* UIKit.framework */ = {isa = PBXFileReference; lastKnownFileType = wrapper.framework; name = UIKit.framework; path = System/Library/Frameworks/UIKit.framework; sourceTree = SDKROOT; };
		3DDED6D7167D098B006DE4F8 /* Foundation.framework */ = {isa = PBXFileReference; lastKnownFileType = wrapper.framework; name = Foundation.framework; path = System/Library/Frameworks/Foundation.framework; sourceTree = SDKROOT; };
		3DDED6D9167D098B006DE4F8 /* CoreGraphics.framework */ = {isa = PBXFileReference; lastKnownFileType = wrapper.framework; name = CoreGraphics.framework; path = System/Library/Frameworks/CoreGraphics.framework; sourceTree = SDKROOT; };
		3DDED6DD167D098B006DE4F8 /* OpenSense Collector-Info.plist */ = {isa = PBXFileReference; lastKnownFileType = text.plist.xml; path = "OpenSense Collector-Info.plist"; sourceTree = "<group>"; };
		3DDED6DF167D098B006DE4F8 /* en */ = {isa = PBXFileReference; lastKnownFileType = text.plist.strings; name = en; path = en.lproj/InfoPlist.strings; sourceTree = "<group>"; };
		3DDED6E1167D098B006DE4F8 /* main.m */ = {isa = PBXFileReference; lastKnownFileType = sourcecode.c.objc; path = main.m; sourceTree = "<group>"; };
		3DDED6E3167D098B006DE4F8 /* OpenSense Collector-Prefix.pch */ = {isa = PBXFileReference; lastKnownFileType = sourcecode.c.h; path = "OpenSense Collector-Prefix.pch"; sourceTree = "<group>"; };
		3DDED6E4167D098B006DE4F8 /* AppDelegate.h */ = {isa = PBXFileReference; lastKnownFileType = sourcecode.c.h; path = AppDelegate.h; sourceTree = "<group>"; };
		3DDED6E5167D098B006DE4F8 /* AppDelegate.m */ = {isa = PBXFileReference; lastKnownFileType = sourcecode.c.objc; path = AppDelegate.m; sourceTree = "<group>"; };
		3DDED6E7167D098B006DE4F8 /* Default.png */ = {isa = PBXFileReference; lastKnownFileType = image.png; path = Default.png; sourceTree = "<group>"; };
		3DDED6E9167D098B006DE4F8 /* Default@2x.png */ = {isa = PBXFileReference; lastKnownFileType = image.png; path = "Default@2x.png"; sourceTree = "<group>"; };
		3DDED6EB167D098B006DE4F8 /* Default-568h@2x.png */ = {isa = PBXFileReference; lastKnownFileType = image.png; path = "Default-568h@2x.png"; sourceTree = "<group>"; };
		3DDED6EE167D098B006DE4F8 /* en */ = {isa = PBXFileReference; lastKnownFileType = file.storyboard; name = en; path = en.lproj/MainStoryboard.storyboard; sourceTree = "<group>"; };
		3DDED703167D098B006DE4F8 /* OpenSense CollectorTests.octest */ = {isa = PBXFileReference; explicitFileType = wrapper.cfbundle; includeInIndex = 0; path = "OpenSense CollectorTests.octest"; sourceTree = BUILT_PRODUCTS_DIR; };
		3DDED704167D098B006DE4F8 /* SenTestingKit.framework */ = {isa = PBXFileReference; lastKnownFileType = wrapper.framework; name = SenTestingKit.framework; path = Library/Frameworks/SenTestingKit.framework; sourceTree = DEVELOPER_DIR; };
		3DDED70C167D098B006DE4F8 /* OpenSense CollectorTests-Info.plist */ = {isa = PBXFileReference; lastKnownFileType = text.plist.xml; path = "OpenSense CollectorTests-Info.plist"; sourceTree = "<group>"; };
		3DDED70E167D098B006DE4F8 /* en */ = {isa = PBXFileReference; lastKnownFileType = text.plist.strings; name = en; path = en.lproj/InfoPlist.strings; sourceTree = "<group>"; };
		3DDED710167D098B006DE4F8 /* OpenSense_CollectorTests.h */ = {isa = PBXFileReference; lastKnownFileType = sourcecode.c.h; path = OpenSense_CollectorTests.h; sourceTree = "<group>"; };
		3DDED711167D098B006DE4F8 /* OpenSense_CollectorTests.m */ = {isa = PBXFileReference; lastKnownFileType = sourcecode.c.objc; path = OpenSense_CollectorTests.m; sourceTree = "<group>"; };
		3DFE62541694DE4500145310 /* Icon.png */ = {isa = PBXFileReference; lastKnownFileType = image.png; path = Icon.png; sourceTree = "<group>"; };
		3DFE62561694DE4800145310 /* Icon@2x.png */ = {isa = PBXFileReference; lastKnownFileType = image.png; path = "Icon@2x.png"; sourceTree = "<group>"; };
/* End PBXFileReference section */

/* Begin PBXFrameworksBuildPhase section */
		3DDED6CE167D098B006DE4F8 /* Frameworks */ = {
			isa = PBXFrameworksBuildPhase;
			buildActionMask = 2147483647;
			files = (
				3DB69F0316B1D750009570F3 /* CoreMotion.framework in Frameworks */,
				3DA2596416B0879F00190683 /* CoreLocation.framework in Frameworks */,
				3DA2596216B0837C00190683 /* MapKit.framework in Frameworks */,
				3D7A747A16B03D50000B4A0D /* SystemConfiguration.framework in Frameworks */,
				3D7A747816B03D43000B4A0D /* MobileCoreServices.framework in Frameworks */,
				3D98CA8516AF4C230009F3C4 /* Security.framework in Frameworks */,
				3DB21B5716975B1E00F6B294 /* QuartzCore.framework in Frameworks */,
				3DB21B55169740D600F6B294 /* libCorePlot-CocoaTouch.a in Frameworks */,
				3D35C2C61694C768000ADA14 /* libOpenSense.a in Frameworks */,
				3DDED6D6167D098B006DE4F8 /* UIKit.framework in Frameworks */,
				3DDED6D8167D098B006DE4F8 /* Foundation.framework in Frameworks */,
				3DDED6DA167D098B006DE4F8 /* CoreGraphics.framework in Frameworks */,
			);
			runOnlyForDeploymentPostprocessing = 0;
		};
		3DDED6FF167D098B006DE4F8 /* Frameworks */ = {
			isa = PBXFrameworksBuildPhase;
			buildActionMask = 2147483647;
			files = (
				3DDED705167D098B006DE4F8 /* SenTestingKit.framework in Frameworks */,
				3DDED706167D098B006DE4F8 /* UIKit.framework in Frameworks */,
				3DDED707167D098B006DE4F8 /* Foundation.framework in Frameworks */,
			);
			runOnlyForDeploymentPostprocessing = 0;
		};
/* End PBXFrameworksBuildPhase section */

/* Begin PBXGroup section */
		3D08426A169DE60B0053F4C9 /* Probes */ = {
			isa = PBXGroup;
			children = (
				3D08426B169DE60B0053F4C9 /* BatteryProbeDataViewController.h */,
				3D08426C169DE60B0053F4C9 /* BatteryProbeDataViewController.m */,
				3DB69EF616B1C3A8009570F3 /* PositioningProbeDataViewController.h */,
				3DB69EF716B1C3A8009570F3 /* PositioningProbeDataViewController.m */,
			);
			name = Probes;
			path = Classes/Probes;
			sourceTree = "<group>";
		};
		3D08426D169DE60B0053F4C9 /* Views */ = {
			isa = PBXGroup;
			children = (
				3D08426E169DE60B0053F4C9 /* BatchCell.h */,
				3D08426F169DE60B0053F4C9 /* BatchCell.m */,
				3D084270169DE60B0053F4C9 /* BatchDataCell.h */,
				3D084271169DE60B0053F4C9 /* BatchDataCell.m */,
				3DB69EF916B1C543009570F3 /* LoadingView.h */,
				3DB69EFA16B1C543009570F3 /* LoadingView.m */,
			);
			name = Views;
			path = Classes/Views;
			sourceTree = "<group>";
		};
		3D35C2B71694C720000ADA14 /* Products */ = {
			isa = PBXGroup;
			children = (
				3D35C2C01694C720000ADA14 /* libOpenSense.a */,
				3D35C2C21694C720000ADA14 /* OpenSenseTests.octest */,
			);
			name = Products;
			sourceTree = "<group>";
		};
		3D8C707716948DF700619CDB /* Assets */ = {
			isa = PBXGroup;
			children = (
				3DB21AE516973F0F00F6B294 /* background-texture.png */,
				3DB21AE616973F0F00F6B294 /* background-texture@2x.png */,
				3DB21AE716973F0F00F6B294 /* probes.png */,
				3DB21AE816973F0F00F6B294 /* probes@2x.png */,
				3DB21AE916973F0F00F6B294 /* start_hover.png */,
				3DB21AEA16973F0F00F6B294 /* start_hover@2x.png */,
				3DB21AEB16973F0F00F6B294 /* start.png */,
				3DB21AEC16973F0F00F6B294 /* start@2x.png */,
				3DB21AED16973F0F00F6B294 /* statistics.png */,
				3DB21AEE16973F0F00F6B294 /* statistics@2x.png */,
				3DB21AEF16973F0F00F6B294 /* status.png */,
				3DB21AF016973F0F00F6B294 /* status@2x.png */,
				3DB21AF116973F0F00F6B294 /* stop_hover.png */,
				3DB21AF216973F0F00F6B294 /* stop_hover@2x.png */,
				3DB21AF316973F0F00F6B294 /* stop.png */,
				3DB21AF416973F0F00F6B294 /* stop@2x.png */,
			);
			name = Assets;
			sourceTree = "<group>";
		};
		3D8C708C1694A1B800619CDB /* Classes */ = {
			isa = PBXGroup;
			children = (
				3D08426A169DE60B0053F4C9 /* Probes */,
				3D08426D169DE60B0053F4C9 /* Views */,
				3DB21B5E16978F1D00F6B294 /* TabBarViewController.h */,
				3DB21B5F16978F1E00F6B294 /* TabBarViewController.m */,
				3D8C708D1694A1D500619CDB /* StatusViewController.h */,
				3D8C708E1694A1D500619CDB /* StatusViewController.m */,
				3D67885F1694AC8300553E04 /* ProbesViewController.h */,
				3D6788601694AC8300553E04 /* ProbesViewController.m */,
				3DB69EF016B1C0B1009570F3 /* CollectedDataViewController.h */,
				3DB69EF116B1C0B1009570F3 /* CollectedDataViewController.m */,
				3D4B3B1E169729C300FFEA73 /* CollectedDataBatchViewController.h */,
				3D4B3B1F169729C300FFEA73 /* CollectedDataBatchViewController.m */,
			);
			name = Classes;
			sourceTree = "<group>";
		};
		3DB21B08169740BC00F6B294 /* Vendor */ = {
			isa = PBXGroup;
			children = (
				3DB21B09169740BC00F6B294 /* CorePlot */,
			);
			path = Vendor;
			sourceTree = "<group>";
		};
		3DB21B09169740BC00F6B294 /* CorePlot */ = {
			isa = PBXGroup;
			children = (
				3DB21B0A169740BC00F6B294 /* CorePlot-CocoaTouch.h */,
				3DB21B0B169740BC00F6B294 /* CPTAnnotation.h */,
				3DB21B0C169740BC00F6B294 /* CPTAnnotationHostLayer.h */,
				3DB21B0D169740BC00F6B294 /* CPTAxis.h */,
				3DB21B0E169740BC00F6B294 /* CPTAxisLabel.h */,
				3DB21B0F169740BC00F6B294 /* CPTAxisLabelGroup.h */,
				3DB21B10169740BC00F6B294 /* CPTAxisSet.h */,
				3DB21B11169740BC00F6B294 /* CPTAxisTitle.h */,
				3DB21B12169740BC00F6B294 /* CPTBarPlot.h */,
				3DB21B13169740BC00F6B294 /* CPTBorderedLayer.h */,
				3DB21B14169740BC00F6B294 /* CPTCalendarFormatter.h */,
				3DB21B15169740BC00F6B294 /* CPTColor.h */,
				3DB21B16169740BC00F6B294 /* CPTColorSpace.h */,
				3DB21B17169740BC00F6B294 /* CPTConstraints.h */,
				3DB21B18169740BC00F6B294 /* CPTDataSourceTestCase.h */,
				3DB21B19169740BC00F6B294 /* CPTDefinitions.h */,
				3DB21B1A169740BC00F6B294 /* CPTDerivedXYGraph.h */,
				3DB21B1B169740BC00F6B294 /* CPTExceptions.h */,
				3DB21B1C169740BC00F6B294 /* CPTFill.h */,
				3DB21B1D169740BC00F6B294 /* CPTGradient.h */,
				3DB21B1E169740BC00F6B294 /* CPTGraph.h */,
				3DB21B1F169740BC00F6B294 /* CPTGraphHostingView.h */,
				3DB21B20169740BC00F6B294 /* CPTGridLineGroup.h */,
				3DB21B21169740BC00F6B294 /* CPTGridLines.h */,
				3DB21B22169740BC00F6B294 /* CPTImage.h */,
				3DB21B23169740BC00F6B294 /* CPTLayer.h */,
				3DB21B24169740BC00F6B294 /* CPTLayerAnnotation.h */,
				3DB21B25169740BC00F6B294 /* CPTLegend.h */,
				3DB21B26169740BC00F6B294 /* CPTLegendEntry.h */,
				3DB21B27169740BC00F6B294 /* CPTLimitBand.h */,
				3DB21B28169740BC00F6B294 /* CPTLineCap.h */,
				3DB21B29169740BC00F6B294 /* CPTLineStyle.h */,
				3DB21B2A169740BC00F6B294 /* CPTMutableLineStyle.h */,
				3DB21B2B169740BC00F6B294 /* CPTMutableNumericData+TypeConversion.h */,
				3DB21B2C169740BC00F6B294 /* CPTMutableNumericData.h */,
				3DB21B2D169740BC00F6B294 /* CPTMutablePlotRange.h */,
				3DB21B2E169740BC00F6B294 /* CPTMutableShadow.h */,
				3DB21B2F169740BC00F6B294 /* CPTMutableTextStyle.h */,
				3DB21B30169740BC00F6B294 /* CPTNumericData+TypeConversion.h */,
				3DB21B31169740BC00F6B294 /* CPTNumericData.h */,
				3DB21B32169740BC00F6B294 /* CPTNumericDataType.h */,
				3DB21B33169740BC00F6B294 /* CPTPathExtensions.h */,
				3DB21B34169740BC00F6B294 /* CPTPieChart.h */,
				3DB21B35169740BC00F6B294 /* CPTPlatformSpecificCategories.h */,
				3DB21B36169740BC00F6B294 /* CPTPlatformSpecificDefines.h */,
				3DB21B37169740BC00F6B294 /* CPTPlatformSpecificFunctions.h */,
				3DB21B38169740BC00F6B294 /* CPTPlot.h */,
				3DB21B39169740BC00F6B294 /* CPTPlotArea.h */,
				3DB21B3A169740BC00F6B294 /* CPTPlotAreaFrame.h */,
				3DB21B3B169740BC00F6B294 /* CPTPlotGroup.h */,
				3DB21B3C169740BC00F6B294 /* CPTPlotRange.h */,
				3DB21B3D169740BC00F6B294 /* CPTPlotSpace.h */,
				3DB21B3E169740BC00F6B294 /* CPTPlotSpaceAnnotation.h */,
				3DB21B3F169740BC00F6B294 /* CPTPlotSymbol.h */,
				3DB21B40169740BC00F6B294 /* CPTRangePlot.h */,
				3DB21B41169740BC00F6B294 /* CPTResponder.h */,
				3DB21B42169740BC00F6B294 /* CPTScatterPlot.h */,
				3DB21B43169740BC00F6B294 /* CPTShadow.h */,
				3DB21B44169740BC00F6B294 /* CPTTestCase.h */,
				3DB21B45169740BC00F6B294 /* CPTTextLayer.h */,
				3DB21B46169740BC00F6B294 /* CPTTextStyle.h */,
				3DB21B47169740BC00F6B294 /* CPTTextStylePlatformSpecific.h */,
				3DB21B48169740BC00F6B294 /* CPTTheme.h */,
				3DB21B49169740BC00F6B294 /* CPTTimeFormatter.h */,
				3DB21B4A169740BC00F6B294 /* CPTTradingRangePlot.h */,
				3DB21B4B169740BC00F6B294 /* CPTUtilities.h */,
				3DB21B4C169740BC00F6B294 /* CPTXYAxis.h */,
				3DB21B4D169740BC00F6B294 /* CPTXYAxisSet.h */,
				3DB21B4E169740BC00F6B294 /* CPTXYGraph.h */,
				3DB21B4F169740BC00F6B294 /* CPTXYPlotSpace.h */,
				3DB21B50169740BC00F6B294 /* mainpage.h */,
				3DB21B51169740BC00F6B294 /* NSCoderExtensions.h */,
				3DB21B52169740BC00F6B294 /* NSDecimalNumberExtensions.h */,
				3DB21B53169740BC00F6B294 /* NSNumberExtensions.h */,
			);
			path = CorePlot;
			sourceTree = "<group>";
		};
		3DDED6C6167D098B006DE4F8 = {
			isa = PBXGroup;
			children = (
				3D35C2B61694C720000ADA14 /* OpenSense.xcodeproj */,
				3DDED6DB167D098B006DE4F8 /* OpenSense Collector */,
				3DFE62561694DE4800145310 /* Icon@2x.png */,
				3DFE62541694DE4500145310 /* Icon.png */,
				3DDED70A167D098B006DE4F8 /* OpenSense CollectorTests */,
				3DDED6D4167D098B006DE4F8 /* Frameworks */,
				3DDED6D2167D098B006DE4F8 /* Products */,
			);
			sourceTree = "<group>";
		};
		3DDED6D2167D098B006DE4F8 /* Products */ = {
			isa = PBXGroup;
			children = (
				3DDED6D1167D098B006DE4F8 /* OpenSense.app */,
				3DDED703167D098B006DE4F8 /* OpenSense CollectorTests.octest */,
			);
			name = Products;
			sourceTree = "<group>";
		};
		3DDED6D4167D098B006DE4F8 /* Frameworks */ = {
			isa = PBXGroup;
			children = (
				3DB69F0216B1D750009570F3 /* CoreMotion.framework */,
				3DA2596316B0879F00190683 /* CoreLocation.framework */,
				3DA2596116B0837C00190683 /* MapKit.framework */,
				3D7A747916B03D50000B4A0D /* SystemConfiguration.framework */,
				3D7A747716B03D43000B4A0D /* MobileCoreServices.framework */,
				3DB21B54169740D600F6B294 /* libCorePlot-CocoaTouch.a */,
				3D98CA8416AF4C230009F3C4 /* Security.framework */,
				3DB21B5616975B1E00F6B294 /* QuartzCore.framework */,
				3DDED6D5167D098B006DE4F8 /* UIKit.framework */,
				3DDED6D7167D098B006DE4F8 /* Foundation.framework */,
				3DDED6D9167D098B006DE4F8 /* CoreGraphics.framework */,
				3DDED704167D098B006DE4F8 /* SenTestingKit.framework */,
			);
			name = Frameworks;
			sourceTree = "<group>";
		};
		3DDED6DB167D098B006DE4F8 /* OpenSense Collector */ = {
			isa = PBXGroup;
			children = (
				3D8C708C1694A1B800619CDB /* Classes */,
				3D8C707716948DF700619CDB /* Assets */,
				3DDED6E4167D098B006DE4F8 /* AppDelegate.h */,
				3DDED6E5167D098B006DE4F8 /* AppDelegate.m */,
				3DDED6ED167D098B006DE4F8 /* MainStoryboard.storyboard */,
				3DB21B08169740BC00F6B294 /* Vendor */,
				3DDED6DC167D098B006DE4F8 /* Supporting Files */,
				3D5AEA0416A4977A00741652 /* config.json */,
			);
			path = "OpenSense Collector";
			sourceTree = "<group>";
		};
		3DDED6DC167D098B006DE4F8 /* Supporting Files */ = {
			isa = PBXGroup;
			children = (
				3DDED6DD167D098B006DE4F8 /* OpenSense Collector-Info.plist */,
				3DDED6DE167D098B006DE4F8 /* InfoPlist.strings */,
				3DDED6E1167D098B006DE4F8 /* main.m */,
				3DDED6E3167D098B006DE4F8 /* OpenSense Collector-Prefix.pch */,
				3DDED6E7167D098B006DE4F8 /* Default.png */,
				3DDED6E9167D098B006DE4F8 /* Default@2x.png */,
				3DDED6EB167D098B006DE4F8 /* Default-568h@2x.png */,
				3DDCAA9D16B5EF630063DC29 /* Common.h */,
			);
			name = "Supporting Files";
			sourceTree = "<group>";
		};
		3DDED70A167D098B006DE4F8 /* OpenSense CollectorTests */ = {
			isa = PBXGroup;
			children = (
				3DDED710167D098B006DE4F8 /* OpenSense_CollectorTests.h */,
				3DDED711167D098B006DE4F8 /* OpenSense_CollectorTests.m */,
				3DDED70B167D098B006DE4F8 /* Supporting Files */,
			);
			path = "OpenSense CollectorTests";
			sourceTree = "<group>";
		};
		3DDED70B167D098B006DE4F8 /* Supporting Files */ = {
			isa = PBXGroup;
			children = (
				3DDED70C167D098B006DE4F8 /* OpenSense CollectorTests-Info.plist */,
				3DDED70D167D098B006DE4F8 /* InfoPlist.strings */,
			);
			name = "Supporting Files";
			sourceTree = "<group>";
		};
/* End PBXGroup section */

/* Begin PBXNativeTarget section */
		3DDED6D0167D098B006DE4F8 /* OpenSense Collector */ = {
			isa = PBXNativeTarget;
			buildConfigurationList = 3DDED715167D098B006DE4F8 /* Build configuration list for PBXNativeTarget "OpenSense Collector" */;
			buildPhases = (
				3DDED6CD167D098B006DE4F8 /* Sources */,
				3DDED6CE167D098B006DE4F8 /* Frameworks */,
				3DDED6CF167D098B006DE4F8 /* Resources */,
			);
			buildRules = (
			);
			dependencies = (
			);
			name = "OpenSense Collector";
			productName = "OpenSense Collector";
			productReference = 3DDED6D1167D098B006DE4F8 /* OpenSense.app */;
			productType = "com.apple.product-type.application";
		};
		3DDED702167D098B006DE4F8 /* OpenSense CollectorTests */ = {
			isa = PBXNativeTarget;
			buildConfigurationList = 3DDED718167D098B006DE4F8 /* Build configuration list for PBXNativeTarget "OpenSense CollectorTests" */;
			buildPhases = (
				3DDED6FE167D098B006DE4F8 /* Sources */,
				3DDED6FF167D098B006DE4F8 /* Frameworks */,
				3DDED700167D098B006DE4F8 /* Resources */,
				3DDED701167D098B006DE4F8 /* ShellScript */,
			);
			buildRules = (
			);
			dependencies = (
				3DDED709167D098B006DE4F8 /* PBXTargetDependency */,
			);
			name = "OpenSense CollectorTests";
			productName = "OpenSense CollectorTests";
			productReference = 3DDED703167D098B006DE4F8 /* OpenSense CollectorTests.octest */;
			productType = "com.apple.product-type.bundle";
		};
/* End PBXNativeTarget section */

/* Begin PBXProject section */
		3DDED6C8167D098B006DE4F8 /* Project object */ = {
			isa = PBXProject;
			attributes = {
				LastUpgradeCheck = 0450;
				ORGANIZATIONNAME = "Mathias Hansen";
			};
			buildConfigurationList = 3DDED6CB167D098B006DE4F8 /* Build configuration list for PBXProject "OpenSense Collector" */;
			compatibilityVersion = "Xcode 3.2";
			developmentRegion = English;
			hasScannedForEncodings = 0;
			knownRegions = (
				en,
			);
			mainGroup = 3DDED6C6167D098B006DE4F8;
			productRefGroup = 3DDED6D2167D098B006DE4F8 /* Products */;
			projectDirPath = "";
			projectReferences = (
				{
					ProductGroup = 3D35C2B71694C720000ADA14 /* Products */;
					ProjectRef = 3D35C2B61694C720000ADA14 /* OpenSense.xcodeproj */;
				},
			);
			projectRoot = "";
			targets = (
				3DDED6D0167D098B006DE4F8 /* OpenSense Collector */,
				3DDED702167D098B006DE4F8 /* OpenSense CollectorTests */,
			);
		};
/* End PBXProject section */

/* Begin PBXReferenceProxy section */
		3D35C2C01694C720000ADA14 /* libOpenSense.a */ = {
			isa = PBXReferenceProxy;
			fileType = archive.ar;
			path = libOpenSense.a;
			remoteRef = 3D35C2BF1694C720000ADA14 /* PBXContainerItemProxy */;
			sourceTree = BUILT_PRODUCTS_DIR;
		};
		3D35C2C21694C720000ADA14 /* OpenSenseTests.octest */ = {
			isa = PBXReferenceProxy;
			fileType = wrapper.cfbundle;
			path = OpenSenseTests.octest;
			remoteRef = 3D35C2C11694C720000ADA14 /* PBXContainerItemProxy */;
			sourceTree = BUILT_PRODUCTS_DIR;
		};
/* End PBXReferenceProxy section */

/* Begin PBXResourcesBuildPhase section */
		3DDED6CF167D098B006DE4F8 /* Resources */ = {
			isa = PBXResourcesBuildPhase;
			buildActionMask = 2147483647;
			files = (
				3DDED6E0167D098B006DE4F8 /* InfoPlist.strings in Resources */,
				3DDED6E8167D098B006DE4F8 /* Default.png in Resources */,
				3DDED6EA167D098B006DE4F8 /* Default@2x.png in Resources */,
				3DDED6EC167D098B006DE4F8 /* Default-568h@2x.png in Resources */,
				3DDED6EF167D098B006DE4F8 /* MainStoryboard.storyboard in Resources */,
				3DFE62551694DE4500145310 /* Icon.png in Resources */,
				3DFE62571694DE4800145310 /* Icon@2x.png in Resources */,
				3DB21AF516973F0F00F6B294 /* background-texture.png in Resources */,
				3DB21AF616973F0F00F6B294 /* background-texture@2x.png in Resources */,
				3DB21AF716973F0F00F6B294 /* probes.png in Resources */,
				3DB21AF816973F0F00F6B294 /* probes@2x.png in Resources */,
				3DB21AF916973F0F00F6B294 /* start_hover.png in Resources */,
				3DB21AFA16973F0F00F6B294 /* start_hover@2x.png in Resources */,
				3DB21AFB16973F0F00F6B294 /* start.png in Resources */,
				3DB21AFC16973F0F00F6B294 /* start@2x.png in Resources */,
				3DB21AFD16973F0F00F6B294 /* statistics.png in Resources */,
				3DB21AFE16973F0F00F6B294 /* statistics@2x.png in Resources */,
				3DB21AFF16973F0F00F6B294 /* status.png in Resources */,
				3DB21B0016973F0F00F6B294 /* status@2x.png in Resources */,
				3DB21B0116973F0F00F6B294 /* stop_hover.png in Resources */,
				3DB21B0216973F0F00F6B294 /* stop_hover@2x.png in Resources */,
				3DB21B0316973F0F00F6B294 /* stop.png in Resources */,
				3DB21B0416973F0F00F6B294 /* stop@2x.png in Resources */,
				3D5AEA0516A4977A00741652 /* config.json in Resources */,
			);
			runOnlyForDeploymentPostprocessing = 0;
		};
		3DDED700167D098B006DE4F8 /* Resources */ = {
			isa = PBXResourcesBuildPhase;
			buildActionMask = 2147483647;
			files = (
				3DDED70F167D098B006DE4F8 /* InfoPlist.strings in Resources */,
			);
			runOnlyForDeploymentPostprocessing = 0;
		};
/* End PBXResourcesBuildPhase section */

/* Begin PBXShellScriptBuildPhase section */
		3DDED701167D098B006DE4F8 /* ShellScript */ = {
			isa = PBXShellScriptBuildPhase;
			buildActionMask = 2147483647;
			files = (
			);
			inputPaths = (
			);
			outputPaths = (
			);
			runOnlyForDeploymentPostprocessing = 0;
			shellPath = /bin/sh;
			shellScript = "# Run the unit tests in this test bundle.\n\"${SYSTEM_DEVELOPER_DIR}/Tools/RunUnitTests\"\n";
		};
/* End PBXShellScriptBuildPhase section */

/* Begin PBXSourcesBuildPhase section */
		3DDED6CD167D098B006DE4F8 /* Sources */ = {
			isa = PBXSourcesBuildPhase;
			buildActionMask = 2147483647;
			files = (
				3DDED6E2167D098B006DE4F8 /* main.m in Sources */,
				3DDED6E6167D098B006DE4F8 /* AppDelegate.m in Sources */,
				3D8C708F1694A1D500619CDB /* StatusViewController.m in Sources */,
				3D6788611694AC8300553E04 /* ProbesViewController.m in Sources */,
				3D4B3B20169729C300FFEA73 /* CollectedDataBatchViewController.m in Sources */,
				3DB21B6016978F1E00F6B294 /* TabBarViewController.m in Sources */,
				3D084272169DE60B0053F4C9 /* BatteryProbeDataViewController.m in Sources */,
				3D084273169DE60B0053F4C9 /* BatchCell.m in Sources */,
				3D084274169DE60B0053F4C9 /* BatchDataCell.m in Sources */,
				3DB69EF216B1C0B1009570F3 /* CollectedDataViewController.m in Sources */,
				3DB69EF816B1C3A8009570F3 /* PositioningProbeDataViewController.m in Sources */,
				3DB69EFB16B1C543009570F3 /* LoadingView.m in Sources */,
			);
			runOnlyForDeploymentPostprocessing = 0;
		};
		3DDED6FE167D098B006DE4F8 /* Sources */ = {
			isa = PBXSourcesBuildPhase;
			buildActionMask = 2147483647;
			files = (
				3DDED712167D098B006DE4F8 /* OpenSense_CollectorTests.m in Sources */,
			);
			runOnlyForDeploymentPostprocessing = 0;
		};
/* End PBXSourcesBuildPhase section */

/* Begin PBXTargetDependency section */
		3DDED709167D098B006DE4F8 /* PBXTargetDependency */ = {
			isa = PBXTargetDependency;
			target = 3DDED6D0167D098B006DE4F8 /* OpenSense Collector */;
			targetProxy = 3DDED708167D098B006DE4F8 /* PBXContainerItemProxy */;
		};
/* End PBXTargetDependency section */

/* Begin PBXVariantGroup section */
		3DDED6DE167D098B006DE4F8 /* InfoPlist.strings */ = {
			isa = PBXVariantGroup;
			children = (
				3DDED6DF167D098B006DE4F8 /* en */,
			);
			name = InfoPlist.strings;
			sourceTree = "<group>";
		};
		3DDED6ED167D098B006DE4F8 /* MainStoryboard.storyboard */ = {
			isa = PBXVariantGroup;
			children = (
				3DDED6EE167D098B006DE4F8 /* en */,
			);
			name = MainStoryboard.storyboard;
			sourceTree = "<group>";
		};
		3DDED70D167D098B006DE4F8 /* InfoPlist.strings */ = {
			isa = PBXVariantGroup;
			children = (
				3DDED70E167D098B006DE4F8 /* en */,
			);
			name = InfoPlist.strings;
			sourceTree = "<group>";
		};
/* End PBXVariantGroup section */

/* Begin XCBuildConfiguration section */
		3DDED713167D098B006DE4F8 /* Debug */ = {
			isa = XCBuildConfiguration;
			buildSettings = {
				ALWAYS_SEARCH_USER_PATHS = NO;
				CLANG_CXX_LANGUAGE_STANDARD = "gnu++0x";
				CLANG_CXX_LIBRARY = "libc++";
				CLANG_ENABLE_OBJC_ARC = YES;
				CLANG_WARN_EMPTY_BODY = YES;
				CLANG_WARN__DUPLICATE_METHOD_MATCH = YES;
				"CODE_SIGN_IDENTITY[sdk=iphoneos*]" = "iPhone Developer";
				COPY_PHASE_STRIP = NO;
				GCC_C_LANGUAGE_STANDARD = gnu99;
				GCC_DYNAMIC_NO_PIC = NO;
				GCC_OPTIMIZATION_LEVEL = 0;
				GCC_PREPROCESSOR_DEFINITIONS = (
					"DEBUG=1",
					"$(inherited)",
				);
				GCC_SYMBOLS_PRIVATE_EXTERN = NO;
				GCC_WARN_ABOUT_RETURN_TYPE = YES;
				GCC_WARN_UNINITIALIZED_AUTOS = YES;
				GCC_WARN_UNUSED_VARIABLE = YES;
				IPHONEOS_DEPLOYMENT_TARGET = 6.0;
				ONLY_ACTIVE_ARCH = YES;
				SDKROOT = iphoneos;
			};
			name = Debug;
		};
		3DDED714167D098B006DE4F8 /* Release */ = {
			isa = XCBuildConfiguration;
			buildSettings = {
				ALWAYS_SEARCH_USER_PATHS = NO;
				CLANG_CXX_LANGUAGE_STANDARD = "gnu++0x";
				CLANG_CXX_LIBRARY = "libc++";
				CLANG_ENABLE_OBJC_ARC = YES;
				CLANG_WARN_EMPTY_BODY = YES;
				CLANG_WARN__DUPLICATE_METHOD_MATCH = YES;
				"CODE_SIGN_IDENTITY[sdk=iphoneos*]" = "iPhone Developer";
				COPY_PHASE_STRIP = YES;
				GCC_C_LANGUAGE_STANDARD = gnu99;
				GCC_WARN_ABOUT_RETURN_TYPE = YES;
				GCC_WARN_UNINITIALIZED_AUTOS = YES;
				GCC_WARN_UNUSED_VARIABLE = YES;
				IPHONEOS_DEPLOYMENT_TARGET = 6.0;
				OTHER_CFLAGS = "-DNS_BLOCK_ASSERTIONS=1";
				SDKROOT = iphoneos;
				VALIDATE_PRODUCT = YES;
			};
			name = Release;
		};
		3DDED716167D098B006DE4F8 /* Debug */ = {
			isa = XCBuildConfiguration;
			buildSettings = {
				ALWAYS_SEARCH_USER_PATHS = YES;
				GCC_PRECOMPILE_PREFIX_HEADER = YES;
				GCC_PREFIX_HEADER = "OpenSense Collector/OpenSense Collector-Prefix.pch";
				INFOPLIST_FILE = "OpenSense Collector/OpenSense Collector-Info.plist";
				LIBRARY_SEARCH_PATHS = (
					"$(inherited)",
					"\"$(SRCROOT)/../../../../../../Downloads/CorePlot_1.1/Binaries/iOS\"",
				);
				OTHER_LDFLAGS = (
					"-ObjC",
					"-all_load",
				);
				PRODUCT_NAME = OpenSense;
				USER_HEADER_SEARCH_PATHS = "\"${SRCROOT}/../OpenSense/build/includes/\"";
				WRAPPER_EXTENSION = app;
			};
			name = Debug;
		};
		3DDED717167D098B006DE4F8 /* Release */ = {
			isa = XCBuildConfiguration;
			buildSettings = {
				ALWAYS_SEARCH_USER_PATHS = YES;
				GCC_PRECOMPILE_PREFIX_HEADER = YES;
				GCC_PREFIX_HEADER = "OpenSense Collector/OpenSense Collector-Prefix.pch";
				INFOPLIST_FILE = "OpenSense Collector/OpenSense Collector-Info.plist";
				LIBRARY_SEARCH_PATHS = (
					"$(inherited)",
					"\"$(SRCROOT)/../../../../../../Downloads/CorePlot_1.1/Binaries/iOS\"",
				);
				OTHER_LDFLAGS = (
					"-ObjC",
					"-all_load",
				);
				PRODUCT_NAME = OpenSense;
				USER_HEADER_SEARCH_PATHS = "\"${SRCROOT}/../OpenSense/build/includes/\"";
				WRAPPER_EXTENSION = app;
			};
			name = Release;
		};
		3DDED719167D098B006DE4F8 /* Debug */ = {
			isa = XCBuildConfiguration;
			buildSettings = {
				BUNDLE_LOADER = "$(BUILT_PRODUCTS_DIR)/OpenSense Collector.app/OpenSense Collector";
				FRAMEWORK_SEARCH_PATHS = (
					"\"$(SDKROOT)/Developer/Library/Frameworks\"",
					"\"$(DEVELOPER_LIBRARY_DIR)/Frameworks\"",
				);
				GCC_PRECOMPILE_PREFIX_HEADER = YES;
				GCC_PREFIX_HEADER = "OpenSense Collector/OpenSense Collector-Prefix.pch";
				INFOPLIST_FILE = "OpenSense CollectorTests/OpenSense CollectorTests-Info.plist";
				PRODUCT_NAME = "$(TARGET_NAME)";
				TEST_HOST = "$(BUNDLE_LOADER)";
				WRAPPER_EXTENSION = octest;
			};
			name = Debug;
		};
		3DDED71A167D098B006DE4F8 /* Release */ = {
			isa = XCBuildConfiguration;
			buildSettings = {
				BUNDLE_LOADER = "$(BUILT_PRODUCTS_DIR)/OpenSense Collector.app/OpenSense Collector";
				FRAMEWORK_SEARCH_PATHS = (
					"\"$(SDKROOT)/Developer/Library/Frameworks\"",
					"\"$(DEVELOPER_LIBRARY_DIR)/Frameworks\"",
				);
				GCC_PRECOMPILE_PREFIX_HEADER = YES;
				GCC_PREFIX_HEADER = "OpenSense Collector/OpenSense Collector-Prefix.pch";
				INFOPLIST_FILE = "OpenSense CollectorTests/OpenSense CollectorTests-Info.plist";
				PRODUCT_NAME = "$(TARGET_NAME)";
				TEST_HOST = "$(BUNDLE_LOADER)";
				WRAPPER_EXTENSION = octest;
			};
			name = Release;
		};
/* End XCBuildConfiguration section */

/* Begin XCConfigurationList section */
		3DDED6CB167D098B006DE4F8 /* Build configuration list for PBXProject "OpenSense Collector" */ = {
			isa = XCConfigurationList;
			buildConfigurations = (
				3DDED713167D098B006DE4F8 /* Debug */,
				3DDED714167D098B006DE4F8 /* Release */,
			);
			defaultConfigurationIsVisible = 0;
			defaultConfigurationName = Release;
		};
		3DDED715167D098B006DE4F8 /* Build configuration list for PBXNativeTarget "OpenSense Collector" */ = {
			isa = XCConfigurationList;
			buildConfigurations = (
				3DDED716167D098B006DE4F8 /* Debug */,
				3DDED717167D098B006DE4F8 /* Release */,
			);
			defaultConfigurationIsVisible = 0;
			defaultConfigurationName = Release;
		};
		3DDED718167D098B006DE4F8 /* Build configuration list for PBXNativeTarget "OpenSense CollectorTests" */ = {
			isa = XCConfigurationList;
			buildConfigurations = (
				3DDED719167D098B006DE4F8 /* Debug */,
				3DDED71A167D098B006DE4F8 /* Release */,
			);
			defaultConfigurationIsVisible = 0;
			defaultConfigurationName = Release;
		};
/* End XCConfigurationList section */
	};
	rootObject = 3DDED6C8167D098B006DE4F8 /* Project object */;
}
